
Microsoft Visual Studio Solution File, Format Version 10.00
# Visual Studio 2008
Project("{FAE04EC0-301F-11D3-BF4B-00C04F79EFBC}") = "ClassroomHQ", "ClassroomHQ\ClassroomHQ.csproj", "{FC5A3798-95CD-453A-9699-6BB3FBA80FEC}"
EndProject
Global
	GlobalSection(SolutionConfigurationPlatforms) = preSolution
		Debug|Any CPU = Debug|Any CPU
		Release|Any CPU = Release|Any CPU
	EndGlobalSection
	GlobalSection(ProjectConfigurationPlatforms) = postSolution
		{FC5A3798-95CD-453A-9699-6BB3FBA80FEC}.Debug|Any CPU.ActiveCfg = Debug|Any CPU
		{FC5A3798-95CD-453A-9699-6BB3FBA80FEC}.Debug|Any CPU.Build.0 = Debug|Any CPU
		{FC5A3798-95CD-453A-9699-6BB3FBA80FEC}.Release|Any CPU.ActiveCfg = Release|Any CPU
		{FC5A3798-95CD-453A-9699-6BB3FBA80FEC}.Release|Any CPU.Build.0 = Release|Any CPU
	EndGlobalSection
	GlobalSection(SolutionProperties) = preSolution
		HideSolutionNode = FALSE
	EndGlobalSection
EndGlobal
